
Microsoft Visual Studio Solution File, Format Version 12.00
# Visual Studio 14
VisualStudioVersion = 14.0.25420.1
MinimumVisualStudioVersion = 10.0.40219.1
Project("{FAE04EC0-301F-11D3-BF4B-00C04F79EFBC}") = "Exchange.BitBay", "Exchange.BitBay\Exchange.BitBay.csproj", "{E6E13BBF-B6D1-4A9A-9EB3-C18B888F6EBE}"
EndProject
Project("{FAE04EC0-301F-11D3-BF4B-00C04F79EFBC}") = "TestApp", "TestApp\TestApp.csproj", "{F13F453D-6847-4ED4-A5E3-F46535D33C11}"
EndProject
Project("{FAE04EC0-301F-11D3-BF4B-00C04F79EFBC}") = "Exchange.Kraken", "Exchange.Kraken\Exchange.Kraken.csproj", "{CDAF7087-503F-4CE3-81A5-686D5300A487}"
EndProject
Project("{2150E333-8FDC-42A3-9474-1A3956D46DE8}") = "Tests", "Tests", "{1ABFFF86-90AE-4262-9374-613417602574}"
EndProject
Project("{2150E333-8FDC-42A3-9474-1A3956D46DE8}") = "src", "src", "{88D14B9B-613B-457D-8DF9-C3C8E635E571}"
EndProject
Project("{FAE04EC0-301F-11D3-BF4B-00C04F79EFBC}") = "Exchange.BitBayTests", "Exchange.BitBayTests\Exchange.BitBayTests.csproj", "{2A5197B8-1264-451D-A1EB-F272FABA9643}"
EndProject
Project("{FAE04EC0-301F-11D3-BF4B-00C04F79EFBC}") = "Exchange.KrakenTests", "Exchange.KrakenTests\Exchange.KrakenTests.csproj", "{2B8EA4A3-8222-40D4-9239-01A0AA9B7185}"
EndProject
Project("{FAE04EC0-301F-11D3-BF4B-00C04F79EFBC}") = "Exchange.MarketUtils", "Exchange.MarketUtils\Exchange.MarketUtils.csproj", "{8A4B69A0-43F9-4E55-BA5D-A7A7FC73513C}"
EndProject
Project("{FAE04EC0-301F-11D3-BF4B-00C04F79EFBC}") = "Exchange.Poloniex", "Exchange.Poloniex\Exchange.Poloniex.csproj", "{84C9EDC8-F9CF-4C6B-80A3-B84983AB24B2}"
EndProject
Project("{FAE04EC0-301F-11D3-BF4B-00C04F79EFBC}") = "Exchange.Bitfinex", "Exchange.Bitfinex\Exchange.Bitfinex.csproj", "{A1546083-07FB-452B-90FC-4F1D9DEEDB04}"
EndProject
Project("{FAE04EC0-301F-11D3-BF4B-00C04F79EFBC}") = "Strategy.Arbitrage", "Strategy.Arbitrage\Strategy.Arbitrage.csproj", "{B33E3249-C390-4DAE-97CD-727FC1CD3BB5}"
EndProject
Project("{FAE04EC0-301F-11D3-BF4B-00C04F79EFBC}") = "Exchange.MarketUtilsTests", "Exchange.MarketUtilsTests\Exchange.MarketUtilsTests.csproj", "{A4297BE8-F4B7-4F75-BF6C-45B3F6993033}"
EndProject
Project("{FAE04EC0-301F-11D3-BF4B-00C04F79EFBC}") = "Exchange.PoloniexTests", "Exchange.PoloniexTests\Exchange.PoloniexTests.csproj", "{A0E28041-EFB5-4D57-A54B-842436F26A46}"
EndProject
Project("{FAE04EC0-301F-11D3-BF4B-00C04F79EFBC}") = "Strategy.SCTP_BREAKOUT", "Strategy.SCTP_BREAKOUT\Strategy.SCTP_BREAKOUT.csproj", "{096AFDD9-3FA3-442C-A8C5-15A7057E5F68}"
EndProject
Project("{FAE04EC0-301F-11D3-BF4B-00C04F79EFBC}") = "Strategy.SCTP_BREAKOUTTests", "Strategy.SCTP_BREAKOUTTests\Strategy.SCTP_BREAKOUTTests.csproj", "{E97D4D26-92AD-429D-B069-0701697C43DE}"
EndProject
Project("{FAE04EC0-301F-11D3-BF4B-00C04F79EFBC}") = "Strategy.RSI", "Strategy.RSI\Strategy.RSI.csproj", "{245C0569-2BA2-4CC1-8F2C-B1C53927AD1C}"
EndProject
Project("{FAE04EC0-301F-11D3-BF4B-00C04F79EFBC}") = "Exchange.Mock", "Exchange.Mock\Exchange.Mock.csproj", "{CF06D8D4-AA61-4C67-9F12-048E2F3A3294}"
EndProject
Global
	GlobalSection(SolutionConfigurationPlatforms) = preSolution
		Debug|Any CPU = Debug|Any CPU
		Release|Any CPU = Release|Any CPU
	EndGlobalSection
	GlobalSection(ProjectConfigurationPlatforms) = postSolution
		{E6E13BBF-B6D1-4A9A-9EB3-C18B888F6EBE}.Debug|Any CPU.ActiveCfg = Debug|Any CPU
		{E6E13BBF-B6D1-4A9A-9EB3-C18B888F6EBE}.Debug|Any CPU.Build.0 = Debug|Any CPU
		{E6E13BBF-B6D1-4A9A-9EB3-C18B888F6EBE}.Release|Any CPU.ActiveCfg = Release|Any CPU
		{E6E13BBF-B6D1-4A9A-9EB3-C18B888F6EBE}.Release|Any CPU.Build.0 = Release|Any CPU
		{F13F453D-6847-4ED4-A5E3-F46535D33C11}.Debug|Any CPU.ActiveCfg = Debug|Any CPU
		{F13F453D-6847-4ED4-A5E3-F46535D33C11}.Debug|Any CPU.Build.0 = Debug|Any CPU
		{F13F453D-6847-4ED4-A5E3-F46535D33C11}.Release|Any CPU.ActiveCfg = Release|Any CPU
		{F13F453D-6847-4ED4-A5E3-F46535D33C11}.Release|Any CPU.Build.0 = Release|Any CPU
		{CDAF7087-503F-4CE3-81A5-686D5300A487}.Debug|Any CPU.ActiveCfg = Debug|Any CPU
		{CDAF7087-503F-4CE3-81A5-686D5300A487}.Debug|Any CPU.Build.0 = Debug|Any CPU
		{CDAF7087-503F-4CE3-81A5-686D5300A487}.Release|Any CPU.ActiveCfg = Release|Any CPU
		{CDAF7087-503F-4CE3-81A5-686D5300A487}.Release|Any CPU.Build.0 = Release|Any CPU
		{2A5197B8-1264-451D-A1EB-F272FABA9643}.Debug|Any CPU.ActiveCfg = Debug|Any CPU
		{2A5197B8-1264-451D-A1EB-F272FABA9643}.Debug|Any CPU.Build.0 = Debug|Any CPU
		{2A5197B8-1264-451D-A1EB-F272FABA9643}.Release|Any CPU.ActiveCfg = Release|Any CPU
		{2A5197B8-1264-451D-A1EB-F272FABA9643}.Release|Any CPU.Build.0 = Release|Any CPU
		{2B8EA4A3-8222-40D4-9239-01A0AA9B7185}.Debug|Any CPU.ActiveCfg = Debug|Any CPU
		{2B8EA4A3-8222-40D4-9239-01A0AA9B7185}.Debug|Any CPU.Build.0 = Debug|Any CPU
		{2B8EA4A3-8222-40D4-9239-01A0AA9B7185}.Release|Any CPU.ActiveCfg = Release|Any CPU
		{2B8EA4A3-8222-40D4-9239-01A0AA9B7185}.Release|Any CPU.Build.0 = Release|Any CPU
		{8A4B69A0-43F9-4E55-BA5D-A7A7FC73513C}.Debug|Any CPU.ActiveCfg = Debug|Any CPU
		{8A4B69A0-43F9-4E55-BA5D-A7A7FC73513C}.Debug|Any CPU.Build.0 = Debug|Any CPU
		{8A4B69A0-43F9-4E55-BA5D-A7A7FC73513C}.Release|Any CPU.ActiveCfg = Release|Any CPU
		{8A4B69A0-43F9-4E55-BA5D-A7A7FC73513C}.Release|Any CPU.Build.0 = Release|Any CPU
		{84C9EDC8-F9CF-4C6B-80A3-B84983AB24B2}.Debug|Any CPU.ActiveCfg = Debug|Any CPU
		{84C9EDC8-F9CF-4C6B-80A3-B84983AB24B2}.Debug|Any CPU.Build.0 = Debug|Any CPU
		{84C9EDC8-F9CF-4C6B-80A3-B84983AB24B2}.Release|Any CPU.ActiveCfg = Release|Any CPU
		{84C9EDC8-F9CF-4C6B-80A3-B84983AB24B2}.Release|Any CPU.Build.0 = Release|Any CPU
		{A1546083-07FB-452B-90FC-4F1D9DEEDB04}.Debug|Any CPU.ActiveCfg = Debug|Any CPU
		{A1546083-07FB-452B-90FC-4F1D9DEEDB04}.Debug|Any CPU.Build.0 = Debug|Any CPU
		{A1546083-07FB-452B-90FC-4F1D9DEEDB04}.Release|Any CPU.ActiveCfg = Release|Any CPU
		{A1546083-07FB-452B-90FC-4F1D9DEEDB04}.Release|Any CPU.Build.0 = Release|Any CPU
		{B33E3249-C390-4DAE-97CD-727FC1CD3BB5}.Debug|Any CPU.ActiveCfg = Debug|Any CPU
		{B33E3249-C390-4DAE-97CD-727FC1CD3BB5}.Debug|Any CPU.Build.0 = Debug|Any CPU
		{B33E3249-C390-4DAE-97CD-727FC1CD3BB5}.Release|Any CPU.ActiveCfg = Release|Any CPU
		{B33E3249-C390-4DAE-97CD-727FC1CD3BB5}.Release|Any CPU.Build.0 = Release|Any CPU
		{A4297BE8-F4B7-4F75-BF6C-45B3F6993033}.Debug|Any CPU.ActiveCfg = Debug|Any CPU
		{A4297BE8-F4B7-4F75-BF6C-45B3F6993033}.Debug|Any CPU.Build.0 = Debug|Any CPU
		{A4297BE8-F4B7-4F75-BF6C-45B3F6993033}.Release|Any CPU.ActiveCfg = Release|Any CPU
		{A4297BE8-F4B7-4F75-BF6C-45B3F6993033}.Release|Any CPU.Build.0 = Release|Any CPU
		{A0E28041-EFB5-4D57-A54B-842436F26A46}.Debug|Any CPU.ActiveCfg = Debug|Any CPU
		{A0E28041-EFB5-4D57-A54B-842436F26A46}.Debug|Any CPU.Build.0 = Debug|Any CPU
		{A0E28041-EFB5-4D57-A54B-842436F26A46}.Release|Any CPU.ActiveCfg = Release|Any CPU
		{A0E28041-EFB5-4D57-A54B-842436F26A46}.Release|Any CPU.Build.0 = Release|Any CPU
		{096AFDD9-3FA3-442C-A8C5-15A7057E5F68}.Debug|Any CPU.ActiveCfg = Debug|Any CPU
		{096AFDD9-3FA3-442C-A8C5-15A7057E5F68}.Debug|Any CPU.Build.0 = Debug|Any CPU
		{096AFDD9-3FA3-442C-A8C5-15A7057E5F68}.Release|Any CPU.ActiveCfg = Release|Any CPU
		{096AFDD9-3FA3-442C-A8C5-15A7057E5F68}.Release|Any CPU.Build.0 = Release|Any CPU
		{E97D4D26-92AD-429D-B069-0701697C43DE}.Debug|Any CPU.ActiveCfg = Debug|Any CPU
		{E97D4D26-92AD-429D-B069-0701697C43DE}.Debug|Any CPU.Build.0 = Debug|Any CPU
		{E97D4D26-92AD-429D-B069-0701697C43DE}.Release|Any CPU.ActiveCfg = Release|Any CPU
		{E97D4D26-92AD-429D-B069-0701697C43DE}.Release|Any CPU.Build.0 = Release|Any CPU
		{245C0569-2BA2-4CC1-8F2C-B1C53927AD1C}.Debug|Any CPU.ActiveCfg = Debug|Any CPU
		{245C0569-2BA2-4CC1-8F2C-B1C53927AD1C}.Debug|Any CPU.Build.0 = Debug|Any CPU
		{245C0569-2BA2-4CC1-8F2C-B1C53927AD1C}.Release|Any CPU.ActiveCfg = Release|Any CPU
		{245C0569-2BA2-4CC1-8F2C-B1C53927AD1C}.Release|Any CPU.Build.0 = Release|Any CPU
		{CF06D8D4-AA61-4C67-9F12-048E2F3A3294}.Debug|Any CPU.ActiveCfg = Debug|Any CPU
		{CF06D8D4-AA61-4C67-9F12-048E2F3A3294}.Debug|Any CPU.Build.0 = Debug|Any CPU
		{CF06D8D4-AA61-4C67-9F12-048E2F3A3294}.Release|Any CPU.ActiveCfg = Release|Any CPU
		{CF06D8D4-AA61-4C67-9F12-048E2F3A3294}.Release|Any CPU.Build.0 = Release|Any CPU
	EndGlobalSection
	GlobalSection(SolutionProperties) = preSolution
		HideSolutionNode = FALSE
	EndGlobalSection
	GlobalSection(NestedProjects) = preSolution
		{E6E13BBF-B6D1-4A9A-9EB3-C18B888F6EBE} = {88D14B9B-613B-457D-8DF9-C3C8E635E571}
		{F13F453D-6847-4ED4-A5E3-F46535D33C11} = {1ABFFF86-90AE-4262-9374-613417602574}
		{CDAF7087-503F-4CE3-81A5-686D5300A487} = {88D14B9B-613B-457D-8DF9-C3C8E635E571}
		{2A5197B8-1264-451D-A1EB-F272FABA9643} = {1ABFFF86-90AE-4262-9374-613417602574}
		{2B8EA4A3-8222-40D4-9239-01A0AA9B7185} = {1ABFFF86-90AE-4262-9374-613417602574}
		{8A4B69A0-43F9-4E55-BA5D-A7A7FC73513C} = {88D14B9B-613B-457D-8DF9-C3C8E635E571}
		{84C9EDC8-F9CF-4C6B-80A3-B84983AB24B2} = {88D14B9B-613B-457D-8DF9-C3C8E635E571}
		{A1546083-07FB-452B-90FC-4F1D9DEEDB04} = {88D14B9B-613B-457D-8DF9-C3C8E635E571}
		{B33E3249-C390-4DAE-97CD-727FC1CD3BB5} = {88D14B9B-613B-457D-8DF9-C3C8E635E571}
		{A4297BE8-F4B7-4F75-BF6C-45B3F6993033} = {1ABFFF86-90AE-4262-9374-613417602574}
		{A0E28041-EFB5-4D57-A54B-842436F26A46} = {1ABFFF86-90AE-4262-9374-613417602574}
		{096AFDD9-3FA3-442C-A8C5-15A7057E5F68} = {88D14B9B-613B-457D-8DF9-C3C8E635E571}
		{E97D4D26-92AD-429D-B069-0701697C43DE} = {1ABFFF86-90AE-4262-9374-613417602574}
		{245C0569-2BA2-4CC1-8F2C-B1C53927AD1C} = {88D14B9B-613B-457D-8DF9-C3C8E635E571}
		{CF06D8D4-AA61-4C67-9F12-048E2F3A3294} = {88D14B9B-613B-457D-8DF9-C3C8E635E571}
	EndGlobalSection
	GlobalSection(ExtensibilityGlobals) = postSolution
		SolutionGuid = {22395B8D-7265-41E5-8AE7-00BF3BCED312}
	EndGlobalSection
EndGlobal
